
Microsoft Visual Studio Solution File, Format Version 12.00
# Visual Studio 2012
Project("{FAE04EC0-301F-11D3-BF4B-00C04F79EFBC}") = "Neo4jClient.Migrations", "Neo4jClient.Migrations\Neo4jClient.Migrations.csproj", "{92882B5F-1E43-4741-9852-64E77BBC0AF9}"
EndProject
Project("{FAE04EC0-301F-11D3-BF4B-00C04F79EFBC}") = "Neo4jClient.Migrations.Tests", "Neo4jClient.Migrations.Tests\Neo4jClient.Migrations.Tests.csproj", "{5265C0AD-F852-4615-8676-D723BA450393}"
EndProject
Global
	GlobalSection(SolutionConfigurationPlatforms) = preSolution
		Debug|Any CPU = Debug|Any CPU
		Release|Any CPU = Release|Any CPU
	EndGlobalSection
	GlobalSection(ProjectConfigurationPlatforms) = postSolution
		{92882B5F-1E43-4741-9852-64E77BBC0AF9}.Debug|Any CPU.ActiveCfg = Debug|Any CPU
		{92882B5F-1E43-4741-9852-64E77BBC0AF9}.Debug|Any CPU.Build.0 = Debug|Any CPU
		{92882B5F-1E43-4741-9852-64E77BBC0AF9}.Release|Any CPU.ActiveCfg = Release|Any CPU
		{92882B5F-1E43-4741-9852-64E77BBC0AF9}.Release|Any CPU.Build.0 = Release|Any CPU
		{5265C0AD-F852-4615-8676-D723BA450393}.Debug|Any CPU.ActiveCfg = Debug|Any CPU
		{5265C0AD-F852-4615-8676-D723BA450393}.Debug|Any CPU.Build.0 = Debug|Any CPU
		{5265C0AD-F852-4615-8676-D723BA450393}.Release|Any CPU.ActiveCfg = Release|Any CPU
		{5265C0AD-F852-4615-8676-D723BA450393}.Release|Any CPU.Build.0 = Release|Any CPU
	EndGlobalSection
	GlobalSection(SolutionProperties) = preSolution
		HideSolutionNode = FALSE
	EndGlobalSection
EndGlobal
